
Microsoft Visual Studio Solution File, Format Version 12.00
# Visual Studio Version 17
VisualStudioVersion = 17.2.32526.322
MinimumVisualStudioVersion = 10.0.40219.1
Project("{FAE04EC0-301F-11D3-BF4B-00C04F79EFBC}") = "CSCI2910-Lab3", "CSCI2910-Lab3.csproj", "{640CE8A8-4B81-48FD-B65C-C888947465D7}"
EndProject
Global
	GlobalSection(SolutionConfigurationPlatforms) = preSolution
		Debug|Any CPU = Debug|Any CPU
		Release|Any CPU = Release|Any CPU
	EndGlobalSection
	GlobalSection(ProjectConfigurationPlatforms) = postSolution
		{640CE8A8-4B81-48FD-B65C-C888947465D7}.Debug|Any CPU.ActiveCfg = Debug|Any CPU
		{640CE8A8-4B81-48FD-B65C-C888947465D7}.Debug|Any CPU.Build.0 = Debug|Any CPU
		{640CE8A8-4B81-48FD-B65C-C888947465D7}.Release|Any CPU.ActiveCfg = Release|Any CPU
		{640CE8A8-4B81-48FD-B65C-C888947465D7}.Release|Any CPU.Build.0 = Release|Any CPU
	EndGlobalSection
	GlobalSection(SolutionProperties) = preSolution
		HideSolutionNode = FALSE
	EndGlobalSection
	GlobalSection(ExtensibilityGlobals) = postSolution
		SolutionGuid = {312AC2AB-560C-44F6-BF81-9C52DE3D9027}
	EndGlobalSection
EndGlobal
